
Microsoft Visual Studio Solution File, Format Version 12.00
# Visual Studio Version 17
VisualStudioVersion = 17.14.36518.9 d17.14
MinimumVisualStudioVersion = 10.0.40219.1
Project("{FAE04EC0-301F-11D3-BF4B-00C04F79EFBC}") = "task 11.2", "task 11.2.csproj", "{6172C726-F087-4790-A0E8-4FE8DDEA9671}"
EndProject
Global
	GlobalSection(SolutionConfigurationPlatforms) = preSolution
		Debug|Any CPU = Debug|Any CPU
		Release|Any CPU = Release|Any CPU
	EndGlobalSection
	GlobalSection(ProjectConfigurationPlatforms) = postSolution
		{6172C726-F087-4790-A0E8-4FE8DDEA9671}.Debug|Any CPU.ActiveCfg = Debug|Any CPU
		{6172C726-F087-4790-A0E8-4FE8DDEA9671}.Debug|Any CPU.Build.0 = Debug|Any CPU
		{6172C726-F087-4790-A0E8-4FE8DDEA9671}.Release|Any CPU.ActiveCfg = Release|Any CPU
		{6172C726-F087-4790-A0E8-4FE8DDEA9671}.Release|Any CPU.Build.0 = Release|Any CPU
	EndGlobalSection
	GlobalSection(SolutionProperties) = preSolution
		HideSolutionNode = FALSE
	EndGlobalSection
	GlobalSection(ExtensibilityGlobals) = postSolution
		SolutionGuid = {44229C85-1EC0-49F8-8878-696E70C77E34}
	EndGlobalSection
EndGlobal
