
Microsoft Visual Studio Solution File, Format Version 12.00
# Visual Studio Version 17
VisualStudioVersion = 17.14.36518.9 d17.14
MinimumVisualStudioVersion = 10.0.40219.1
Project("{FAE04EC0-301F-11D3-BF4B-00C04F79EFBC}") = "TASK08", "TASK08.csproj", "{7D402274-3673-4E7A-9546-2D78DCB09A54}"
EndProject
Global
	GlobalSection(SolutionConfigurationPlatforms) = preSolution
		Debug|Any CPU = Debug|Any CPU
		Release|Any CPU = Release|Any CPU
	EndGlobalSection
	GlobalSection(ProjectConfigurationPlatforms) = postSolution
		{7D402274-3673-4E7A-9546-2D78DCB09A54}.Debug|Any CPU.ActiveCfg = Debug|Any CPU
		{7D402274-3673-4E7A-9546-2D78DCB09A54}.Debug|Any CPU.Build.0 = Debug|Any CPU
		{7D402274-3673-4E7A-9546-2D78DCB09A54}.Release|Any CPU.ActiveCfg = Release|Any CPU
		{7D402274-3673-4E7A-9546-2D78DCB09A54}.Release|Any CPU.Build.0 = Release|Any CPU
	EndGlobalSection
	GlobalSection(SolutionProperties) = preSolution
		HideSolutionNode = FALSE
	EndGlobalSection
	GlobalSection(ExtensibilityGlobals) = postSolution
		SolutionGuid = {07F26096-974E-453A-BE0F-0E0388EB3368}
	EndGlobalSection
EndGlobal
