
Microsoft Visual Studio Solution File, Format Version 12.00
# Visual Studio Version 17
VisualStudioVersion = 17.14.37314.3 d17.14
MinimumVisualStudioVersion = 10.0.40219.1
Project("{FAE04EC0-301F-11D3-BF4B-00C04F79EFBC}") = "TourLibrary", "TourLibrary\TourLibrary.csproj", "{45552D8D-AF70-4045-878D-F0D7C58E15A2}"
EndProject
Project("{FAE04EC0-301F-11D3-BF4B-00C04F79EFBC}") = "TourLibrary.UnitTests", "TourLibrary.UnitTests\TourLibrary.UnitTests.csproj", "{1CB949A5-18AB-4670-B99B-E7368F9CEFA1}"
EndProject
Global
	GlobalSection(SolutionConfigurationPlatforms) = preSolution
		Debug|Any CPU = Debug|Any CPU
		Release|Any CPU = Release|Any CPU
	EndGlobalSection
	GlobalSection(ProjectConfigurationPlatforms) = postSolution
		{45552D8D-AF70-4045-878D-F0D7C58E15A2}.Debug|Any CPU.ActiveCfg = Debug|Any CPU
		{45552D8D-AF70-4045-878D-F0D7C58E15A2}.Debug|Any CPU.Build.0 = Debug|Any CPU
		{45552D8D-AF70-4045-878D-F0D7C58E15A2}.Release|Any CPU.ActiveCfg = Release|Any CPU
		{45552D8D-AF70-4045-878D-F0D7C58E15A2}.Release|Any CPU.Build.0 = Release|Any CPU
		{1CB949A5-18AB-4670-B99B-E7368F9CEFA1}.Debug|Any CPU.ActiveCfg = Debug|Any CPU
		{1CB949A5-18AB-4670-B99B-E7368F9CEFA1}.Debug|Any CPU.Build.0 = Debug|Any CPU
		{1CB949A5-18AB-4670-B99B-E7368F9CEFA1}.Release|Any CPU.ActiveCfg = Release|Any CPU
		{1CB949A5-18AB-4670-B99B-E7368F9CEFA1}.Release|Any CPU.Build.0 = Release|Any CPU
	EndGlobalSection
	GlobalSection(SolutionProperties) = preSolution
		HideSolutionNode = FALSE
	EndGlobalSection
	GlobalSection(ExtensibilityGlobals) = postSolution
		SolutionGuid = {25A75D39-10D2-48D4-BDE5-B79E309C5DBE}
	EndGlobalSection
EndGlobal
