
Microsoft Visual Studio Solution File, Format Version 12.00
# Visual Studio Version 17
VisualStudioVersion = 17.14.36518.9 d17.14
MinimumVisualStudioVersion = 10.0.40219.1
Project("{FAE04EC0-301F-11D3-BF4B-00C04F79EFBC}") = "TASK11", "TASK11.csproj", "{AA542213-3933-480B-8719-7029CCB2A7BB}"
EndProject
Global
	GlobalSection(SolutionConfigurationPlatforms) = preSolution
		Debug|Any CPU = Debug|Any CPU
		Release|Any CPU = Release|Any CPU
	EndGlobalSection
	GlobalSection(ProjectConfigurationPlatforms) = postSolution
		{AA542213-3933-480B-8719-7029CCB2A7BB}.Debug|Any CPU.ActiveCfg = Debug|Any CPU
		{AA542213-3933-480B-8719-7029CCB2A7BB}.Debug|Any CPU.Build.0 = Debug|Any CPU
		{AA542213-3933-480B-8719-7029CCB2A7BB}.Release|Any CPU.ActiveCfg = Release|Any CPU
		{AA542213-3933-480B-8719-7029CCB2A7BB}.Release|Any CPU.Build.0 = Release|Any CPU
	EndGlobalSection
	GlobalSection(SolutionProperties) = preSolution
		HideSolutionNode = FALSE
	EndGlobalSection
	GlobalSection(ExtensibilityGlobals) = postSolution
		SolutionGuid = {70D72A56-8624-41BC-92C0-16D7D74A4291}
	EndGlobalSection
EndGlobal
