
Microsoft Visual Studio Solution File, Format Version 12.00
# Visual Studio Version 17
VisualStudioVersion = 17.14.36518.9 d17.14
MinimumVisualStudioVersion = 10.0.40219.1
Project("{FAE04EC0-301F-11D3-BF4B-00C04F79EFBC}") = "task11", "task11.csproj", "{48BF2C66-B21F-44E0-9003-3FB372AF2FB1}"
EndProject
Global
	GlobalSection(SolutionConfigurationPlatforms) = preSolution
		Debug|Any CPU = Debug|Any CPU
		Release|Any CPU = Release|Any CPU
	EndGlobalSection
	GlobalSection(ProjectConfigurationPlatforms) = postSolution
		{48BF2C66-B21F-44E0-9003-3FB372AF2FB1}.Debug|Any CPU.ActiveCfg = Debug|Any CPU
		{48BF2C66-B21F-44E0-9003-3FB372AF2FB1}.Debug|Any CPU.Build.0 = Debug|Any CPU
		{48BF2C66-B21F-44E0-9003-3FB372AF2FB1}.Release|Any CPU.ActiveCfg = Release|Any CPU
		{48BF2C66-B21F-44E0-9003-3FB372AF2FB1}.Release|Any CPU.Build.0 = Release|Any CPU
	EndGlobalSection
	GlobalSection(SolutionProperties) = preSolution
		HideSolutionNode = FALSE
	EndGlobalSection
	GlobalSection(ExtensibilityGlobals) = postSolution
		SolutionGuid = {586B4F5D-AA84-41DC-B1AB-BE7ACF498E38}
	EndGlobalSection
EndGlobal
