
Microsoft Visual Studio Solution File, Format Version 12.00
# Visual Studio Version 17
VisualStudioVersion = 17.14.36518.9 d17.14
MinimumVisualStudioVersion = 10.0.40219.1
Project("{FAE04EC0-301F-11D3-BF4B-00C04F79EFBC}") = "TASK06", "TASK06.csproj", "{61B20260-366E-499E-84A7-A8F468BAC326}"
EndProject
Global
	GlobalSection(SolutionConfigurationPlatforms) = preSolution
		Debug|Any CPU = Debug|Any CPU
		Release|Any CPU = Release|Any CPU
	EndGlobalSection
	GlobalSection(ProjectConfigurationPlatforms) = postSolution
		{61B20260-366E-499E-84A7-A8F468BAC326}.Debug|Any CPU.ActiveCfg = Debug|Any CPU
		{61B20260-366E-499E-84A7-A8F468BAC326}.Debug|Any CPU.Build.0 = Debug|Any CPU
		{61B20260-366E-499E-84A7-A8F468BAC326}.Release|Any CPU.ActiveCfg = Release|Any CPU
		{61B20260-366E-499E-84A7-A8F468BAC326}.Release|Any CPU.Build.0 = Release|Any CPU
	EndGlobalSection
	GlobalSection(SolutionProperties) = preSolution
		HideSolutionNode = FALSE
	EndGlobalSection
	GlobalSection(ExtensibilityGlobals) = postSolution
		SolutionGuid = {814186E5-C556-4355-B538-84317656ABF9}
	EndGlobalSection
EndGlobal
